
Microsoft Visual Studio Solution File, Format Version 12.00
# Visual Studio Version 17
VisualStudioVersion = 17.7.34031.279
MinimumVisualStudioVersion = 10.0.40219.1
Project("{FAE04EC0-301F-11D3-BF4B-00C04F79EFBC}") = "queue koleksiyonu", "queue koleksiyonu\queue koleksiyonu.csproj", "{5781950D-580E-47EF-899A-8E7FE4D159DB}"
EndProject
Global
	GlobalSection(SolutionConfigurationPlatforms) = preSolution
		Debug|Any CPU = Debug|Any CPU
		Release|Any CPU = Release|Any CPU
	EndGlobalSection
	GlobalSection(ProjectConfigurationPlatforms) = postSolution
		{5781950D-580E-47EF-899A-8E7FE4D159DB}.Debug|Any CPU.ActiveCfg = Debug|Any CPU
		{5781950D-580E-47EF-899A-8E7FE4D159DB}.Debug|Any CPU.Build.0 = Debug|Any CPU
		{5781950D-580E-47EF-899A-8E7FE4D159DB}.Release|Any CPU.ActiveCfg = Release|Any CPU
		{5781950D-580E-47EF-899A-8E7FE4D159DB}.Release|Any CPU.Build.0 = Release|Any CPU
	EndGlobalSection
	GlobalSection(SolutionProperties) = preSolution
		HideSolutionNode = FALSE
	EndGlobalSection
	GlobalSection(ExtensibilityGlobals) = postSolution
		SolutionGuid = {B916F90E-BE0D-44D3-9D91-5A8CF6ADC09E}
	EndGlobalSection
EndGlobal
